
Microsoft Visual Studio Solution File, Format Version 12.00
# Visual Studio 15
VisualStudioVersion = 15.0.28307.438
MinimumVisualStudioVersion = 10.0.40219.1
Project("{8BC9CEB8-8B4A-11D0-8D11-00A0C91BC942}") = "R1_6", "R1_6\R1_6.vcxproj", "{BA408317-1865-47F0-A5CA-322F82F20081}"
EndProject
Global
	GlobalSection(SolutionConfigurationPlatforms) = preSolution
		Debug|x64 = Debug|x64
		Debug|x86 = Debug|x86
		Release|x64 = Release|x64
		Release|x86 = Release|x86
	EndGlobalSection
	GlobalSection(ProjectConfigurationPlatforms) = postSolution
		{BA408317-1865-47F0-A5CA-322F82F20081}.Debug|x64.ActiveCfg = Debug|x64
		{BA408317-1865-47F0-A5CA-322F82F20081}.Debug|x64.Build.0 = Debug|x64
		{BA408317-1865-47F0-A5CA-322F82F20081}.Debug|x86.ActiveCfg = Debug|Win32
		{BA408317-1865-47F0-A5CA-322F82F20081}.Debug|x86.Build.0 = Debug|Win32
		{BA408317-1865-47F0-A5CA-322F82F20081}.Release|x64.ActiveCfg = Release|x64
		{BA408317-1865-47F0-A5CA-322F82F20081}.Release|x64.Build.0 = Release|x64
		{BA408317-1865-47F0-A5CA-322F82F20081}.Release|x86.ActiveCfg = Release|Win32
		{BA408317-1865-47F0-A5CA-322F82F20081}.Release|x86.Build.0 = Release|Win32
	EndGlobalSection
	GlobalSection(SolutionProperties) = preSolution
		HideSolutionNode = FALSE
	EndGlobalSection
	GlobalSection(ExtensibilityGlobals) = postSolution
		SolutionGuid = {D13CCAA3-6FF8-4A4E-9924-AACAC4159356}
	EndGlobalSection
EndGlobal
