
Microsoft Visual Studio Solution File, Format Version 12.00
# Visual Studio 15
VisualStudioVersion = 15.0.28307.438
MinimumVisualStudioVersion = 10.0.40219.1
Project("{8BC9CEB8-8B4A-11D0-8D11-00A0C91BC942}") = "R1_27_f", "R1_27_f\R1_27_f.vcxproj", "{1A474863-A3D9-4678-BFE7-40A31DBEB4AA}"
EndProject
Global
	GlobalSection(SolutionConfigurationPlatforms) = preSolution
		Debug|x64 = Debug|x64
		Debug|x86 = Debug|x86
		Release|x64 = Release|x64
		Release|x86 = Release|x86
	EndGlobalSection
	GlobalSection(ProjectConfigurationPlatforms) = postSolution
		{1A474863-A3D9-4678-BFE7-40A31DBEB4AA}.Debug|x64.ActiveCfg = Debug|x64
		{1A474863-A3D9-4678-BFE7-40A31DBEB4AA}.Debug|x64.Build.0 = Debug|x64
		{1A474863-A3D9-4678-BFE7-40A31DBEB4AA}.Debug|x86.ActiveCfg = Debug|Win32
		{1A474863-A3D9-4678-BFE7-40A31DBEB4AA}.Debug|x86.Build.0 = Debug|Win32
		{1A474863-A3D9-4678-BFE7-40A31DBEB4AA}.Release|x64.ActiveCfg = Release|x64
		{1A474863-A3D9-4678-BFE7-40A31DBEB4AA}.Release|x64.Build.0 = Release|x64
		{1A474863-A3D9-4678-BFE7-40A31DBEB4AA}.Release|x86.ActiveCfg = Release|Win32
		{1A474863-A3D9-4678-BFE7-40A31DBEB4AA}.Release|x86.Build.0 = Release|Win32
	EndGlobalSection
	GlobalSection(SolutionProperties) = preSolution
		HideSolutionNode = FALSE
	EndGlobalSection
	GlobalSection(ExtensibilityGlobals) = postSolution
		SolutionGuid = {01D37D95-ED13-45D7-91B2-7E03609F2849}
	EndGlobalSection
EndGlobal
