
Microsoft Visual Studio Solution File, Format Version 12.00
# Visual Studio 15
VisualStudioVersion = 15.0.28307.438
MinimumVisualStudioVersion = 10.0.40219.1
Project("{8BC9CEB8-8B4A-11D0-8D11-00A0C91BC942}") = "R2_7_b", "R2_7_b\R2_7_b.vcxproj", "{1F165CDD-1587-45E9-B391-6FE0BB47CE7F}"
EndProject
Global
	GlobalSection(SolutionConfigurationPlatforms) = preSolution
		Debug|x64 = Debug|x64
		Debug|x86 = Debug|x86
		Release|x64 = Release|x64
		Release|x86 = Release|x86
	EndGlobalSection
	GlobalSection(ProjectConfigurationPlatforms) = postSolution
		{1F165CDD-1587-45E9-B391-6FE0BB47CE7F}.Debug|x64.ActiveCfg = Debug|x64
		{1F165CDD-1587-45E9-B391-6FE0BB47CE7F}.Debug|x64.Build.0 = Debug|x64
		{1F165CDD-1587-45E9-B391-6FE0BB47CE7F}.Debug|x86.ActiveCfg = Debug|Win32
		{1F165CDD-1587-45E9-B391-6FE0BB47CE7F}.Debug|x86.Build.0 = Debug|Win32
		{1F165CDD-1587-45E9-B391-6FE0BB47CE7F}.Release|x64.ActiveCfg = Release|x64
		{1F165CDD-1587-45E9-B391-6FE0BB47CE7F}.Release|x64.Build.0 = Release|x64
		{1F165CDD-1587-45E9-B391-6FE0BB47CE7F}.Release|x86.ActiveCfg = Release|Win32
		{1F165CDD-1587-45E9-B391-6FE0BB47CE7F}.Release|x86.Build.0 = Release|Win32
	EndGlobalSection
	GlobalSection(SolutionProperties) = preSolution
		HideSolutionNode = FALSE
	EndGlobalSection
	GlobalSection(ExtensibilityGlobals) = postSolution
		SolutionGuid = {2AA1937F-5761-4F95-8BE6-BAEB3550E153}
	EndGlobalSection
EndGlobal
