
Microsoft Visual Studio Solution File, Format Version 12.00
# Visual Studio 15
VisualStudioVersion = 15.0.28307.438
MinimumVisualStudioVersion = 10.0.40219.1
Project("{8BC9CEB8-8B4A-11D0-8D11-00A0C91BC942}") = "Puerta", "Puerta\Puerta.vcxproj", "{39AE6837-988A-4A3E-AF37-8E9FFBAA745F}"
EndProject
Global
	GlobalSection(SolutionConfigurationPlatforms) = preSolution
		Debug|x64 = Debug|x64
		Debug|x86 = Debug|x86
		Release|x64 = Release|x64
		Release|x86 = Release|x86
	EndGlobalSection
	GlobalSection(ProjectConfigurationPlatforms) = postSolution
		{39AE6837-988A-4A3E-AF37-8E9FFBAA745F}.Debug|x64.ActiveCfg = Debug|x64
		{39AE6837-988A-4A3E-AF37-8E9FFBAA745F}.Debug|x64.Build.0 = Debug|x64
		{39AE6837-988A-4A3E-AF37-8E9FFBAA745F}.Debug|x86.ActiveCfg = Debug|Win32
		{39AE6837-988A-4A3E-AF37-8E9FFBAA745F}.Debug|x86.Build.0 = Debug|Win32
		{39AE6837-988A-4A3E-AF37-8E9FFBAA745F}.Release|x64.ActiveCfg = Release|x64
		{39AE6837-988A-4A3E-AF37-8E9FFBAA745F}.Release|x64.Build.0 = Release|x64
		{39AE6837-988A-4A3E-AF37-8E9FFBAA745F}.Release|x86.ActiveCfg = Release|Win32
		{39AE6837-988A-4A3E-AF37-8E9FFBAA745F}.Release|x86.Build.0 = Release|Win32
	EndGlobalSection
	GlobalSection(SolutionProperties) = preSolution
		HideSolutionNode = FALSE
	EndGlobalSection
	GlobalSection(ExtensibilityGlobals) = postSolution
		SolutionGuid = {DC71D738-B219-476D-B954-52E91999D288}
	EndGlobalSection
EndGlobal
