
Microsoft Visual Studio Solution File, Format Version 12.00
# Visual Studio 15
VisualStudioVersion = 15.0.28307.438
MinimumVisualStudioVersion = 10.0.40219.1
Project("{8BC9CEB8-8B4A-11D0-8D11-00A0C91BC942}") = "R1_18", "R1_18\R1_18.vcxproj", "{89E16BA1-FC6D-4656-8610-3291C0416FC5}"
EndProject
Global
	GlobalSection(SolutionConfigurationPlatforms) = preSolution
		Debug|x64 = Debug|x64
		Debug|x86 = Debug|x86
		Release|x64 = Release|x64
		Release|x86 = Release|x86
	EndGlobalSection
	GlobalSection(ProjectConfigurationPlatforms) = postSolution
		{89E16BA1-FC6D-4656-8610-3291C0416FC5}.Debug|x64.ActiveCfg = Debug|x64
		{89E16BA1-FC6D-4656-8610-3291C0416FC5}.Debug|x64.Build.0 = Debug|x64
		{89E16BA1-FC6D-4656-8610-3291C0416FC5}.Debug|x86.ActiveCfg = Debug|Win32
		{89E16BA1-FC6D-4656-8610-3291C0416FC5}.Debug|x86.Build.0 = Debug|Win32
		{89E16BA1-FC6D-4656-8610-3291C0416FC5}.Release|x64.ActiveCfg = Release|x64
		{89E16BA1-FC6D-4656-8610-3291C0416FC5}.Release|x64.Build.0 = Release|x64
		{89E16BA1-FC6D-4656-8610-3291C0416FC5}.Release|x86.ActiveCfg = Release|Win32
		{89E16BA1-FC6D-4656-8610-3291C0416FC5}.Release|x86.Build.0 = Release|Win32
	EndGlobalSection
	GlobalSection(SolutionProperties) = preSolution
		HideSolutionNode = FALSE
	EndGlobalSection
	GlobalSection(ExtensibilityGlobals) = postSolution
		SolutionGuid = {933356E8-3481-4356-98AC-FA7A586CAAA9}
	EndGlobalSection
EndGlobal
