
Microsoft Visual Studio Solution File, Format Version 12.00
# Visual Studio 15
VisualStudioVersion = 15.0.28307.438
MinimumVisualStudioVersion = 10.0.40219.1
Project("{8BC9CEB8-8B4A-11D0-8D11-00A0C91BC942}") = "R12", "R12\R12.vcxproj", "{BFED8B2E-1BE4-46B0-88C3-96488E5C0716}"
EndProject
Global
	GlobalSection(SolutionConfigurationPlatforms) = preSolution
		Debug|x64 = Debug|x64
		Debug|x86 = Debug|x86
		Release|x64 = Release|x64
		Release|x86 = Release|x86
	EndGlobalSection
	GlobalSection(ProjectConfigurationPlatforms) = postSolution
		{BFED8B2E-1BE4-46B0-88C3-96488E5C0716}.Debug|x64.ActiveCfg = Debug|x64
		{BFED8B2E-1BE4-46B0-88C3-96488E5C0716}.Debug|x64.Build.0 = Debug|x64
		{BFED8B2E-1BE4-46B0-88C3-96488E5C0716}.Debug|x86.ActiveCfg = Debug|Win32
		{BFED8B2E-1BE4-46B0-88C3-96488E5C0716}.Debug|x86.Build.0 = Debug|Win32
		{BFED8B2E-1BE4-46B0-88C3-96488E5C0716}.Release|x64.ActiveCfg = Release|x64
		{BFED8B2E-1BE4-46B0-88C3-96488E5C0716}.Release|x64.Build.0 = Release|x64
		{BFED8B2E-1BE4-46B0-88C3-96488E5C0716}.Release|x86.ActiveCfg = Release|Win32
		{BFED8B2E-1BE4-46B0-88C3-96488E5C0716}.Release|x86.Build.0 = Release|Win32
	EndGlobalSection
	GlobalSection(SolutionProperties) = preSolution
		HideSolutionNode = FALSE
	EndGlobalSection
	GlobalSection(ExtensibilityGlobals) = postSolution
		SolutionGuid = {84F1826A-1202-4CA8-9767-000E957D7980}
	EndGlobalSection
EndGlobal
