
Microsoft Visual Studio Solution File, Format Version 12.00
# Visual Studio 15
VisualStudioVersion = 15.0.28307.438
MinimumVisualStudioVersion = 10.0.40219.1
Project("{8BC9CEB8-8B4A-11D0-8D11-00A0C91BC942}") = "R1_20", "R1_20\R1_20.vcxproj", "{5DECC1C2-FEFA-441D-BA33-79223C1BEE21}"
EndProject
Global
	GlobalSection(SolutionConfigurationPlatforms) = preSolution
		Debug|x64 = Debug|x64
		Debug|x86 = Debug|x86
		Release|x64 = Release|x64
		Release|x86 = Release|x86
	EndGlobalSection
	GlobalSection(ProjectConfigurationPlatforms) = postSolution
		{5DECC1C2-FEFA-441D-BA33-79223C1BEE21}.Debug|x64.ActiveCfg = Debug|x64
		{5DECC1C2-FEFA-441D-BA33-79223C1BEE21}.Debug|x64.Build.0 = Debug|x64
		{5DECC1C2-FEFA-441D-BA33-79223C1BEE21}.Debug|x86.ActiveCfg = Debug|Win32
		{5DECC1C2-FEFA-441D-BA33-79223C1BEE21}.Debug|x86.Build.0 = Debug|Win32
		{5DECC1C2-FEFA-441D-BA33-79223C1BEE21}.Release|x64.ActiveCfg = Release|x64
		{5DECC1C2-FEFA-441D-BA33-79223C1BEE21}.Release|x64.Build.0 = Release|x64
		{5DECC1C2-FEFA-441D-BA33-79223C1BEE21}.Release|x86.ActiveCfg = Release|Win32
		{5DECC1C2-FEFA-441D-BA33-79223C1BEE21}.Release|x86.Build.0 = Release|Win32
	EndGlobalSection
	GlobalSection(SolutionProperties) = preSolution
		HideSolutionNode = FALSE
	EndGlobalSection
	GlobalSection(ExtensibilityGlobals) = postSolution
		SolutionGuid = {AF70C47A-ACA8-41FB-8A60-D20B9BC8A3EE}
	EndGlobalSection
EndGlobal
