
Microsoft Visual Studio Solution File, Format Version 12.00
# Visual Studio 15
VisualStudioVersion = 15.0.28307.438
MinimumVisualStudioVersion = 10.0.40219.1
Project("{8BC9CEB8-8B4A-11D0-8D11-00A0C91BC942}") = "R1_14", "R1_14\R1_14.vcxproj", "{5E71308E-3973-4EE4-864F-A66B6598E94B}"
EndProject
Global
	GlobalSection(SolutionConfigurationPlatforms) = preSolution
		Debug|x64 = Debug|x64
		Debug|x86 = Debug|x86
		Release|x64 = Release|x64
		Release|x86 = Release|x86
	EndGlobalSection
	GlobalSection(ProjectConfigurationPlatforms) = postSolution
		{5E71308E-3973-4EE4-864F-A66B6598E94B}.Debug|x64.ActiveCfg = Debug|x64
		{5E71308E-3973-4EE4-864F-A66B6598E94B}.Debug|x64.Build.0 = Debug|x64
		{5E71308E-3973-4EE4-864F-A66B6598E94B}.Debug|x86.ActiveCfg = Debug|Win32
		{5E71308E-3973-4EE4-864F-A66B6598E94B}.Debug|x86.Build.0 = Debug|Win32
		{5E71308E-3973-4EE4-864F-A66B6598E94B}.Release|x64.ActiveCfg = Release|x64
		{5E71308E-3973-4EE4-864F-A66B6598E94B}.Release|x64.Build.0 = Release|x64
		{5E71308E-3973-4EE4-864F-A66B6598E94B}.Release|x86.ActiveCfg = Release|Win32
		{5E71308E-3973-4EE4-864F-A66B6598E94B}.Release|x86.Build.0 = Release|Win32
	EndGlobalSection
	GlobalSection(SolutionProperties) = preSolution
		HideSolutionNode = FALSE
	EndGlobalSection
	GlobalSection(ExtensibilityGlobals) = postSolution
		SolutionGuid = {5F3FF0A9-80FD-48DC-8F05-B0AB9DE16482}
	EndGlobalSection
EndGlobal
